
Microsoft Visual Studio Solution File, Format Version 12.00
# Visual Studio 15
VisualStudioVersion = 15.0.28307.168
MinimumVisualStudioVersion = 10.0.40219.1
Project("{FAE04EC0-301F-11D3-BF4B-00C04F79EFBC}") = "Lohith_1622120_WA", "Lohith_1622120_WA\Lohith_1622120_WA.csproj", "{2A506A21-FCC8-4B8D-947B-412954B37FDB}"
EndProject
Project("{FAE04EC0-301F-11D3-BF4B-00C04F79EFBC}") = "DAL", "DAL\DAL.csproj", "{A77E1C5D-FA39-42A6-9A5D-FEB1EA76F729}"
EndProject
Global
	GlobalSection(SolutionConfigurationPlatforms) = preSolution
		Debug|Any CPU = Debug|Any CPU
		Release|Any CPU = Release|Any CPU
	EndGlobalSection
	GlobalSection(ProjectConfigurationPlatforms) = postSolution
		{2A506A21-FCC8-4B8D-947B-412954B37FDB}.Debug|Any CPU.ActiveCfg = Debug|Any CPU
		{2A506A21-FCC8-4B8D-947B-412954B37FDB}.Debug|Any CPU.Build.0 = Debug|Any CPU
		{2A506A21-FCC8-4B8D-947B-412954B37FDB}.Release|Any CPU.ActiveCfg = Release|Any CPU
		{2A506A21-FCC8-4B8D-947B-412954B37FDB}.Release|Any CPU.Build.0 = Release|Any CPU
		{A77E1C5D-FA39-42A6-9A5D-FEB1EA76F729}.Debug|Any CPU.ActiveCfg = Debug|Any CPU
		{A77E1C5D-FA39-42A6-9A5D-FEB1EA76F729}.Debug|Any CPU.Build.0 = Debug|Any CPU
		{A77E1C5D-FA39-42A6-9A5D-FEB1EA76F729}.Release|Any CPU.ActiveCfg = Release|Any CPU
		{A77E1C5D-FA39-42A6-9A5D-FEB1EA76F729}.Release|Any CPU.Build.0 = Release|Any CPU
	EndGlobalSection
	GlobalSection(SolutionProperties) = preSolution
		HideSolutionNode = FALSE
	EndGlobalSection
	GlobalSection(ExtensibilityGlobals) = postSolution
		SolutionGuid = {67A7FF1D-C8C1-418A-9DE2-2748A5C4B770}
	EndGlobalSection
EndGlobal
